// !$*UTF8*$!
{
	archiveVersion = 1;
	classes = {
	};
	objectVersion = 46;
	objects = {

/* Begin PBXBuildFile section */
		2BD2A5B81A0482900019E4B4 /* Foundation.framework in Frameworks */ = {isa = PBXBuildFile; fileRef = 2BD2A5B71A0482900019E4B4 /* Foundation.framework */; };
		2BD2A5BA1A0482900019E4B4 /* CoreGraphics.framework in Frameworks */ = {isa = PBXBuildFile; fileRef = 2BD2A5B91A0482900019E4B4 /* CoreGraphics.framework */; };
		2BD2A5BC1A0482900019E4B4 /* UIKit.framework in Frameworks */ = {isa = PBXBuildFile; fileRef = 2BD2A5BB1A0482900019E4B4 /* UIKit.framework */; };
		2BD2A5C21A0482900019E4B4 /* InfoPlist.strings in Resources */ = {isa = PBXBuildFile; fileRef = 2BD2A5C01A0482900019E4B4 /* InfoPlist.strings */; };
		2BD2A5C41A0482900019E4B4 /* main.m in Sources */ = {isa = PBXBuildFile; fileRef = 2BD2A5C31A0482900019E4B4 /* main.m */; };
		2BD2A5C81A0482900019E4B4 /* HCAppDelegate.m in Sources */ = {isa = PBXBuildFile; fileRef = 2BD2A5C71A0482900019E4B4 /* HCAppDelegate.m */; };
		2BD2A5CA1A0482900019E4B4 /* Images.xcassets in Resources */ = {isa = PBXBuildFile; fileRef = 2BD2A5C91A0482900019E4B4 /* Images.xcassets */; };
		2BD2A5D11A0482900019E4B4 /* XCTest.framework in Frameworks */ = {isa = PBXBuildFile; fileRef = 2BD2A5D01A0482900019E4B4 /* XCTest.framework */; };
		2BD2A5D21A0482900019E4B4 /* Foundation.framework in Frameworks */ = {isa = PBXBuildFile; fileRef = 2BD2A5B71A0482900019E4B4 /* Foundation.framework */; };
		2BD2A5D31A0482900019E4B4 /* UIKit.framework in Frameworks */ = {isa = PBXBuildFile; fileRef = 2BD2A5BB1A0482900019E4B4 /* UIKit.framework */; };
		2BD2A5DB1A0482910019E4B4 /* InfoPlist.strings in Resources */ = {isa = PBXBuildFile; fileRef = 2BD2A5D91A0482910019E4B4 /* InfoPlist.strings */; };
		2BD2A5DD1A0482910019E4B4 /* HackerChatTests.m in Sources */ = {isa = PBXBuildFile; fileRef = 2BD2A5DC1A0482910019E4B4 /* HackerChatTests.m */; };
		2BD2A5E71A0482C20019E4B4 /* Main.storyboard in Resources */ = {isa = PBXBuildFile; fileRef = 2BD2A5E61A0482C20019E4B4 /* Main.storyboard */; };
		2BD2A5EC1A0483700019E4B4 /* HCHomeVC.m in Sources */ = {isa = PBXBuildFile; fileRef = 2BD2A5EB1A0483700019E4B4 /* HCHomeVC.m */; };
		2BD2A5EE1A048A4A0019E4B4 /* Accounts.framework in Frameworks */ = {isa = PBXBuildFile; fileRef = 2BD2A5ED1A048A490019E4B4 /* Accounts.framework */; };
		2BD2A5F01A048A650019E4B4 /* Social.framework in Frameworks */ = {isa = PBXBuildFile; fileRef = 2BD2A5EF1A048A650019E4B4 /* Social.framework */; };
		2BD2A5F21A048A810019E4B4 /* MapKit.framework in Frameworks */ = {isa = PBXBuildFile; fileRef = 2BD2A5F11A048A810019E4B4 /* MapKit.framework */; };
		2BD2A5F51A048CE50019E4B4 /* FacebookSDK.framework in Frameworks */ = {isa = PBXBuildFile; fileRef = 2BD2A5F41A048CE50019E4B4 /* FacebookSDK.framework */; };
/* End PBXBuildFile section */

/* Begin PBXContainerItemProxy section */
		2BD2A5D41A0482900019E4B4 /* PBXContainerItemProxy */ = {
			isa = PBXContainerItemProxy;
			containerPortal = 2BD2A5AC1A0482900019E4B4 /* Project object */;
			proxyType = 1;
			remoteGlobalIDString = 2BD2A5B31A0482900019E4B4;
			remoteInfo = HackerChat;
		};
/* End PBXContainerItemProxy section */

/* Begin PBXFileReference section */
		2BD2A5B41A0482900019E4B4 /* HackerChat.app */ = {isa = PBXFileReference; explicitFileType = wrapper.application; includeInIndex = 0; path = HackerChat.app; sourceTree = BUILT_PRODUCTS_DIR; };
		2BD2A5B71A0482900019E4B4 /* Foundation.framework */ = {isa = PBXFileReference; lastKnownFileType = wrapper.framework; name = Foundation.framework; path = System/Library/Frameworks/Foundation.framework; sourceTree = SDKROOT; };
		2BD2A5B91A0482900019E4B4 /* CoreGraphics.framework */ = {isa = PBXFileReference; lastKnownFileType = wrapper.framework; name = CoreGraphics.framework; path = System/Library/Frameworks/CoreGraphics.framework; sourceTree = SDKROOT; };
		2BD2A5BB1A0482900019E4B4 /* UIKit.framework */ = {isa = PBXFileReference; lastKnownFileType = wrapper.framework; name = UIKit.framework; path = System/Library/Frameworks/UIKit.framework; sourceTree = SDKROOT; };
		2BD2A5BF1A0482900019E4B4 /* HackerChat-Info.plist */ = {isa = PBXFileReference; lastKnownFileType = text.plist.xml; path = "HackerChat-Info.plist"; sourceTree = "<group>"; };
		2BD2A5C11A0482900019E4B4 /* en */ = {isa = PBXFileReference; lastKnownFileType = text.plist.strings; name = en; path = en.lproj/InfoPlist.strings; sourceTree = "<group>"; };
		2BD2A5C31A0482900019E4B4 /* main.m */ = {isa = PBXFileReference; lastKnownFileType = sourcecode.c.objc; path = main.m; sourceTree = "<group>"; };
		2BD2A5C51A0482900019E4B4 /* HackerChat-Prefix.pch */ = {isa = PBXFileReference; lastKnownFileType = sourcecode.c.h; path = "HackerChat-Prefix.pch"; sourceTree = "<group>"; };
		2BD2A5C61A0482900019E4B4 /* HCAppDelegate.h */ = {isa = PBXFileReference; lastKnownFileType = sourcecode.c.h; path = HCAppDelegate.h; sourceTree = "<group>"; };
		2BD2A5C71A0482900019E4B4 /* HCAppDelegate.m */ = {isa = PBXFileReference; lastKnownFileType = sourcecode.c.objc; path = HCAppDelegate.m; sourceTree = "<group>"; };
		2BD2A5C91A0482900019E4B4 /* Images.xcassets */ = {isa = PBXFileReference; lastKnownFileType = folder.assetcatalog; name = Images.xcassets; path = HackerChat/Images.xcassets; sourceTree = "<group>"; };
		2BD2A5CF1A0482900019E4B4 /* HackerChatTests.xctest */ = {isa = PBXFileReference; explicitFileType = wrapper.cfbundle; includeInIndex = 0; path = HackerChatTests.xctest; sourceTree = BUILT_PRODUCTS_DIR; };
		2BD2A5D01A0482900019E4B4 /* XCTest.framework */ = {isa = PBXFileReference; lastKnownFileType = wrapper.framework; name = XCTest.framework; path = Library/Frameworks/XCTest.framework; sourceTree = DEVELOPER_DIR; };
		2BD2A5D81A0482900019E4B4 /* HackerChatTests-Info.plist */ = {isa = PBXFileReference; lastKnownFileType = text.plist.xml; path = "HackerChatTests-Info.plist"; sourceTree = "<group>"; };
		2BD2A5DA1A0482910019E4B4 /* en */ = {isa = PBXFileReference; lastKnownFileType = text.plist.strings; name = en; path = en.lproj/InfoPlist.strings; sourceTree = "<group>"; };
		2BD2A5DC1A0482910019E4B4 /* HackerChatTests.m */ = {isa = PBXFileReference; lastKnownFileType = sourcecode.c.objc; path = HackerChatTests.m; sourceTree = "<group>"; };
		2BD2A5E61A0482C20019E4B4 /* Main.storyboard */ = {isa = PBXFileReference; fileEncoding = 4; lastKnownFileType = file.storyboard; path = Main.storyboard; sourceTree = "<group>"; };
		2BD2A5EA1A0483700019E4B4 /* HCHomeVC.h */ = {isa = PBXFileReference; fileEncoding = 4; lastKnownFileType = sourcecode.c.h; path = HCHomeVC.h; sourceTree = "<group>"; };
		2BD2A5EB1A0483700019E4B4 /* HCHomeVC.m */ = {isa = PBXFileReference; fileEncoding = 4; lastKnownFileType = sourcecode.c.objc; path = HCHomeVC.m; sourceTree = "<group>"; };
		2BD2A5ED1A048A490019E4B4 /* Accounts.framework */ = {isa = PBXFileReference; lastKnownFileType = wrapper.framework; name = Accounts.framework; path = System/Library/Frameworks/Accounts.framework; sourceTree = SDKROOT; };
		2BD2A5EF1A048A650019E4B4 /* Social.framework */ = {isa = PBXFileReference; lastKnownFileType = wrapper.framework; name = Social.framework; path = System/Library/Frameworks/Social.framework; sourceTree = SDKROOT; };
		2BD2A5F11A048A810019E4B4 /* MapKit.framework */ = {isa = PBXFileReference; lastKnownFileType = wrapper.framework; name = MapKit.framework; path = System/Library/Frameworks/MapKit.framework; sourceTree = SDKROOT; };
		2BD2A5F41A048CE50019E4B4 /* FacebookSDK.framework */ = {isa = PBXFileReference; lastKnownFileType = wrapper.framework; name = FacebookSDK.framework; path = ../../Documents/FacebookSDK/FacebookSDK.framework; sourceTree = "<group>"; };
/* End PBXFileReference section */

/* Begin PBXFrameworksBuildPhase section */
		2BD2A5B11A0482900019E4B4 /* Frameworks */ = {
			isa = PBXFrameworksBuildPhase;
			buildActionMask = 2147483647;
			files = (
				2BD2A5F21A048A810019E4B4 /* MapKit.framework in Frameworks */,
				2BD2A5F01A048A650019E4B4 /* Social.framework in Frameworks */,
				2BD2A5EE1A048A4A0019E4B4 /* Accounts.framework in Frameworks */,
				2BD2A5BA1A0482900019E4B4 /* CoreGraphics.framework in Frameworks */,
				2BD2A5BC1A0482900019E4B4 /* UIKit.framework in Frameworks */,
				2BD2A5B81A0482900019E4B4 /* Foundation.framework in Frameworks */,
				2BD2A5F51A048CE50019E4B4 /* FacebookSDK.framework in Frameworks */,
			);
			runOnlyForDeploymentPostprocessing = 0;
		};
		2BD2A5CC1A0482900019E4B4 /* Frameworks */ = {
			isa = PBXFrameworksBuildPhase;
			buildActionMask = 2147483647;
			files = (
				2BD2A5D11A0482900019E4B4 /* XCTest.framework in Frameworks */,
				2BD2A5D31A0482900019E4B4 /* UIKit.framework in Frameworks */,
				2BD2A5D21A0482900019E4B4 /* Foundation.framework in Frameworks */,
			);
			runOnlyForDeploymentPostprocessing = 0;
		};
/* End PBXFrameworksBuildPhase section */

/* Begin PBXGroup section */
		2BD2A5AB1A0482900019E4B4 = {
			isa = PBXGroup;
			children = (
				2BD2A5E61A0482C20019E4B4 /* Main.storyboard */,
				2BD2A5C91A0482900019E4B4 /* Images.xcassets */,
				2BD2A5BD1A0482900019E4B4 /* HackerChat */,
				2BD2A5D61A0482900019E4B4 /* HackerChatTests */,
				2BD2A5D71A0482900019E4B4 /* Supporting Files */,
				2BD2A5B61A0482900019E4B4 /* Frameworks */,
				2BD2A5B51A0482900019E4B4 /* Products */,
			);
			sourceTree = "<group>";
		};
		2BD2A5B51A0482900019E4B4 /* Products */ = {
			isa = PBXGroup;
			children = (
				2BD2A5B41A0482900019E4B4 /* HackerChat.app */,
				2BD2A5CF1A0482900019E4B4 /* HackerChatTests.xctest */,
			);
			name = Products;
			sourceTree = "<group>";
		};
		2BD2A5B61A0482900019E4B4 /* Frameworks */ = {
			isa = PBXGroup;
			children = (
				2BD2A5F41A048CE50019E4B4 /* FacebookSDK.framework */,
				2BD2A5F11A048A810019E4B4 /* MapKit.framework */,
				2BD2A5EF1A048A650019E4B4 /* Social.framework */,
				2BD2A5ED1A048A490019E4B4 /* Accounts.framework */,
				2BD2A5B71A0482900019E4B4 /* Foundation.framework */,
				2BD2A5B91A0482900019E4B4 /* CoreGraphics.framework */,
				2BD2A5BB1A0482900019E4B4 /* UIKit.framework */,
				2BD2A5D01A0482900019E4B4 /* XCTest.framework */,
			);
			name = Frameworks;
			sourceTree = "<group>";
		};
		2BD2A5BD1A0482900019E4B4 /* HackerChat */ = {
			isa = PBXGroup;
			children = (
				2BD2A5E91A0483260019E4B4 /* Home */,
				2BD2A5E81A0483020019E4B4 /* AppDelegate */,
				2BD2A5BE1A0482900019E4B4 /* Supporting Files */,
			);
			path = HackerChat;
			sourceTree = "<group>";
		};
		2BD2A5BE1A0482900019E4B4 /* Supporting Files */ = {
			isa = PBXGroup;
			children = (
				2BD2A5BF1A0482900019E4B4 /* HackerChat-Info.plist */,
				2BD2A5C01A0482900019E4B4 /* InfoPlist.strings */,
				2BD2A5C31A0482900019E4B4 /* main.m */,
				2BD2A5C51A0482900019E4B4 /* HackerChat-Prefix.pch */,
			);
			name = "Supporting Files";
			sourceTree = "<group>";
		};
		2BD2A5D61A0482900019E4B4 /* HackerChatTests */ = {
			isa = PBXGroup;
			children = (
				2BD2A5DC1A0482910019E4B4 /* HackerChatTests.m */,
			);
			path = HackerChatTests;
			sourceTree = "<group>";
		};
		2BD2A5D71A0482900019E4B4 /* Supporting Files */ = {
			isa = PBXGroup;
			children = (
				2BD2A5D81A0482900019E4B4 /* HackerChatTests-Info.plist */,
				2BD2A5D91A0482910019E4B4 /* InfoPlist.strings */,
			);
			name = "Supporting Files";
			path = HackerChatTests;
			sourceTree = "<group>";
		};
		2BD2A5E81A0483020019E4B4 /* AppDelegate */ = {
			isa = PBXGroup;
			children = (
				2BD2A5C61A0482900019E4B4 /* HCAppDelegate.h */,
				2BD2A5C71A0482900019E4B4 /* HCAppDelegate.m */,
			);
			name = AppDelegate;
			sourceTree = "<group>";
		};
		2BD2A5E91A0483260019E4B4 /* Home */ = {
			isa = PBXGroup;
			children = (
				2BD2A5EA1A0483700019E4B4 /* HCHomeVC.h */,
				2BD2A5EB1A0483700019E4B4 /* HCHomeVC.m */,
			);
			name = Home;
			sourceTree = "<group>";
		};
/* End PBXGroup section */

/* Begin PBXNativeTarget section */
		2BD2A5B31A0482900019E4B4 /* HackerChat */ = {
			isa = PBXNativeTarget;
			buildConfigurationList = 2BD2A5E01A0482910019E4B4 /* Build configuration list for PBXNativeTarget "HackerChat" */;
			buildPhases = (
				2BD2A5B01A0482900019E4B4 /* Sources */,
				2BD2A5B11A0482900019E4B4 /* Frameworks */,
				2BD2A5B21A0482900019E4B4 /* Resources */,
			);
			buildRules = (
			);
			dependencies = (
			);
			name = HackerChat;
			productName = HackerChat;
			productReference = 2BD2A5B41A0482900019E4B4 /* HackerChat.app */;
			productType = "com.apple.product-type.application";
		};
		2BD2A5CE1A0482900019E4B4 /* HackerChatTests */ = {
			isa = PBXNativeTarget;
			buildConfigurationList = 2BD2A5E31A0482910019E4B4 /* Build configuration list for PBXNativeTarget "HackerChatTests" */;
			buildPhases = (
				2BD2A5CB1A0482900019E4B4 /* Sources */,
				2BD2A5CC1A0482900019E4B4 /* Frameworks */,
				2BD2A5CD1A0482900019E4B4 /* Resources */,
			);
			buildRules = (
			);
			dependencies = (
				2BD2A5D51A0482900019E4B4 /* PBXTargetDependency */,
			);
			name = HackerChatTests;
			productName = HackerChatTests;
			productReference = 2BD2A5CF1A0482900019E4B4 /* HackerChatTests.xctest */;
			productType = "com.apple.product-type.bundle.unit-test";
		};
/* End PBXNativeTarget section */

/* Begin PBXProject section */
		2BD2A5AC1A0482900019E4B4 /* Project object */ = {
			isa = PBXProject;
			attributes = {
				CLASSPREFIX = HC;
				LastUpgradeCheck = 0510;
				ORGANIZATIONNAME = "A&E";
				TargetAttributes = {
					2BD2A5B31A0482900019E4B4 = {
						DevelopmentTeam = A73NDCTCWS;
					};
					2BD2A5CE1A0482900019E4B4 = {
						TestTargetID = 2BD2A5B31A0482900019E4B4;
					};
				};
			};
			buildConfigurationList = 2BD2A5AF1A0482900019E4B4 /* Build configuration list for PBXProject "HackerChat" */;
			compatibilityVersion = "Xcode 3.2";
			developmentRegion = English;
			hasScannedForEncodings = 0;
			knownRegions = (
				en,
			);
			mainGroup = 2BD2A5AB1A0482900019E4B4;
			productRefGroup = 2BD2A5B51A0482900019E4B4 /* Products */;
			projectDirPath = "";
			projectRoot = "";
			targets = (
				2BD2A5B31A0482900019E4B4 /* HackerChat */,
				2BD2A5CE1A0482900019E4B4 /* HackerChatTests */,
			);
		};
/* End PBXProject section */

/* Begin PBXResourcesBuildPhase section */
		2BD2A5B21A0482900019E4B4 /* Resources */ = {
			isa = PBXResourcesBuildPhase;
			buildActionMask = 2147483647;
			files = (
				2BD2A5E71A0482C20019E4B4 /* Main.storyboard in Resources */,
				2BD2A5C21A0482900019E4B4 /* InfoPlist.strings in Resources */,
				2BD2A5CA1A0482900019E4B4 /* Images.xcassets in Resources */,
			);
			runOnlyForDeploymentPostprocessing = 0;
		};
		2BD2A5CD1A0482900019E4B4 /* Resources */ = {
			isa = PBXResourcesBuildPhase;
			buildActionMask = 2147483647;
			files = (
				2BD2A5DB1A0482910019E4B4 /* InfoPlist.strings in Resources */,
			);
			runOnlyForDeploymentPostprocessing = 0;
		};
/* End PBXResourcesBuildPhase section */

/* Begin PBXSourcesBuildPhase section */
		2BD2A5B01A0482900019E4B4 /* Sources */ = {
			isa = PBXSourcesBuildPhase;
			buildActionMask = 2147483647;
			files = (
				2BD2A5EC1A0483700019E4B4 /* HCHomeVC.m in Sources */,
				2BD2A5C41A0482900019E4B4 /* main.m in Sources */,
				2BD2A5C81A0482900019E4B4 /* HCAppDelegate.m in Sources */,
			);
			runOnlyForDeploymentPostprocessing = 0;
		};
		2BD2A5CB1A0482900019E4B4 /* Sources */ = {
			isa = PBXSourcesBuildPhase;
			buildActionMask = 2147483647;
			files = (
				2BD2A5DD1A0482910019E4B4 /* HackerChatTests.m in Sources */,
			);
			runOnlyForDeploymentPostprocessing = 0;
		};
/* End PBXSourcesBuildPhase section */

/* Begin PBXTargetDependency section */
		2BD2A5D51A0482900019E4B4 /* PBXTargetDependency */ = {
			isa = PBXTargetDependency;
			target = 2BD2A5B31A0482900019E4B4 /* HackerChat */;
			targetProxy = 2BD2A5D41A0482900019E4B4 /* PBXContainerItemProxy */;
		};
/* End PBXTargetDependency section */

/* Begin PBXVariantGroup section */
		2BD2A5C01A0482900019E4B4 /* InfoPlist.strings */ = {
			isa = PBXVariantGroup;
			children = (
				2BD2A5C11A0482900019E4B4 /* en */,
			);
			name = InfoPlist.strings;
			sourceTree = "<group>";
		};
		2BD2A5D91A0482910019E4B4 /* InfoPlist.strings */ = {
			isa = PBXVariantGroup;
			children = (
				2BD2A5DA1A0482910019E4B4 /* en */,
			);
			name = InfoPlist.strings;
			sourceTree = "<group>";
		};
/* End PBXVariantGroup section */

/* Begin XCBuildConfiguration section */
		2BD2A5DE1A0482910019E4B4 /* Debug */ = {
			isa = XCBuildConfiguration;
			buildSettings = {
				ALWAYS_SEARCH_USER_PATHS = NO;
				CLANG_CXX_LANGUAGE_STANDARD = "gnu++0x";
				CLANG_CXX_LIBRARY = "libc++";
				CLANG_ENABLE_MODULES = YES;
				CLANG_ENABLE_OBJC_ARC = YES;
				CLANG_WARN_BOOL_CONVERSION = YES;
				CLANG_WARN_CONSTANT_CONVERSION = YES;
				CLANG_WARN_DIRECT_OBJC_ISA_USAGE = YES_ERROR;
				CLANG_WARN_EMPTY_BODY = YES;
				CLANG_WARN_ENUM_CONVERSION = YES;
				CLANG_WARN_INT_CONVERSION = YES;
				CLANG_WARN_OBJC_ROOT_CLASS = YES_ERROR;
				CLANG_WARN__DUPLICATE_METHOD_MATCH = YES;
				"CODE_SIGN_IDENTITY[sdk=iphoneos*]" = "iPhone Developer";
				COPY_PHASE_STRIP = NO;
				GCC_C_LANGUAGE_STANDARD = gnu99;
				GCC_DYNAMIC_NO_PIC = NO;
				GCC_OPTIMIZATION_LEVEL = 0;
				GCC_PREPROCESSOR_DEFINITIONS = (
					"DEBUG=1",
					"$(inherited)",
				);
				GCC_SYMBOLS_PRIVATE_EXTERN = NO;
				GCC_WARN_64_TO_32_BIT_CONVERSION = YES;
				GCC_WARN_ABOUT_RETURN_TYPE = YES_ERROR;
				GCC_WARN_UNDECLARED_SELECTOR = YES;
				GCC_WARN_UNINITIALIZED_AUTOS = YES_AGGRESSIVE;
				GCC_WARN_UNUSED_FUNCTION = YES;
				GCC_WARN_UNUSED_VARIABLE = YES;
				IPHONEOS_DEPLOYMENT_TARGET = 7.1;
				ONLY_ACTIVE_ARCH = YES;
				SDKROOT = iphoneos;
			};
			name = Debug;
		};
		2BD2A5DF1A0482910019E4B4 /* Release */ = {
			isa = XCBuildConfiguration;
			buildSettings = {
				ALWAYS_SEARCH_USER_PATHS = NO;
				CLANG_CXX_LANGUAGE_STANDARD = "gnu++0x";
				CLANG_CXX_LIBRARY = "libc++";
				CLANG_ENABLE_MODULES = YES;
				CLANG_ENABLE_OBJC_ARC = YES;
				CLANG_WARN_BOOL_CONVERSION = YES;
				CLANG_WARN_CONSTANT_CONVERSION = YES;
				CLANG_WARN_DIRECT_OBJC_ISA_USAGE = YES_ERROR;
				CLANG_WARN_EMPTY_BODY = YES;
				CLANG_WARN_ENUM_CONVERSION = YES;
				CLANG_WARN_INT_CONVERSION = YES;
				CLANG_WARN_OBJC_ROOT_CLASS = YES_ERROR;
				CLANG_WARN__DUPLICATE_METHOD_MATCH = YES;
				"CODE_SIGN_IDENTITY[sdk=iphoneos*]" = "iPhone Developer";
				COPY_PHASE_STRIP = YES;
				ENABLE_NS_ASSERTIONS = NO;
				GCC_C_LANGUAGE_STANDARD = gnu99;
				GCC_WARN_64_TO_32_BIT_CONVERSION = YES;
				GCC_WARN_ABOUT_RETURN_TYPE = YES_ERROR;
				GCC_WARN_UNDECLARED_SELECTOR = YES;
				GCC_WARN_UNINITIALIZED_AUTOS = YES_AGGRESSIVE;
				GCC_WARN_UNUSED_FUNCTION = YES;
				GCC_WARN_UNUSED_VARIABLE = YES;
				IPHONEOS_DEPLOYMENT_TARGET = 7.1;
				SDKROOT = iphoneos;
				VALIDATE_PRODUCT = YES;
			};
			name = Release;
		};
		2BD2A5E11A0482910019E4B4 /* Debug */ = {
			isa = XCBuildConfiguration;
			buildSettings = {
				ASSETCATALOG_COMPILER_APPICON_NAME = AppIcon;
				ASSETCATALOG_COMPILER_LAUNCHIMAGE_NAME = LaunchImage;
				CODE_SIGN_IDENTITY = "iPhone Developer";
				"CODE_SIGN_IDENTITY[sdk=iphoneos*]" = "iPhone Developer";
				FRAMEWORK_SEARCH_PATHS = (
					"$(inherited)",
					/Users/edwardaryee/Documents/FacebookSDK,
				);
				GCC_PRECOMPILE_PREFIX_HEADER = YES;
				GCC_PREFIX_HEADER = "HackerChat/HackerChat-Prefix.pch";
				INFOPLIST_FILE = "HackerChat/HackerChat-Info.plist";
				PRODUCT_NAME = "$(TARGET_NAME)";
				PROVISIONING_PROFILE = "";
				WRAPPER_EXTENSION = app;
			};
			name = Debug;
		};
		2BD2A5E21A0482910019E4B4 /* Release */ = {
			isa = XCBuildConfiguration;
			buildSettings = {
				ASSETCATALOG_COMPILER_APPICON_NAME = AppIcon;
				ASSETCATALOG_COMPILER_LAUNCHIMAGE_NAME = LaunchImage;
				CODE_SIGN_IDENTITY = "iPhone Developer";
				"CODE_SIGN_IDENTITY[sdk=iphoneos*]" = "iPhone Developer";
				FRAMEWORK_SEARCH_PATHS = (
					"$(inherited)",
					/Users/edwardaryee/Documents/FacebookSDK,
				);
				GCC_PRECOMPILE_PREFIX_HEADER = YES;
				GCC_PREFIX_HEADER = "HackerChat/HackerChat-Prefix.pch";
				INFOPLIST_FILE = "HackerChat/HackerChat-Info.plist";
				PRODUCT_NAME = "$(TARGET_NAME)";
				PROVISIONING_PROFILE = "";
				WRAPPER_EXTENSION = app;
			};
			name = Release;
		};
		2BD2A5E41A0482910019E4B4 /* Debug */ = {
			isa = XCBuildConfiguration;
			buildSettings = {
				BUNDLE_LOADER = "$(BUILT_PRODUCTS_DIR)/HackerChat.app/HackerChat";
				FRAMEWORK_SEARCH_PATHS = (
					"$(SDKROOT)/Developer/Library/Frameworks",
					"$(inherited)",
					"$(DEVELOPER_FRAMEWORKS_DIR)",
				);
				GCC_PRECOMPILE_PREFIX_HEADER = YES;
				GCC_PREFIX_HEADER = "HackerChat/HackerChat-Prefix.pch";
				GCC_PREPROCESSOR_DEFINITIONS = (
					"DEBUG=1",
					"$(inherited)",
				);
				INFOPLIST_FILE = "HackerChatTests/HackerChatTests-Info.plist";
				PRODUCT_NAME = "$(TARGET_NAME)";
				TEST_HOST = "$(BUNDLE_LOADER)";
				WRAPPER_EXTENSION = xctest;
			};
			name = Debug;
		};
		2BD2A5E51A0482910019E4B4 /* Release */ = {
			isa = XCBuildConfiguration;
			buildSettings = {
				BUNDLE_LOADER = "$(BUILT_PRODUCTS_DIR)/HackerChat.app/HackerChat";
				FRAMEWORK_SEARCH_PATHS = (
					"$(SDKROOT)/Developer/Library/Frameworks",
					"$(inherited)",
					"$(DEVELOPER_FRAMEWORKS_DIR)",
				);
				GCC_PRECOMPILE_PREFIX_HEADER = YES;
				GCC_PREFIX_HEADER = "HackerChat/HackerChat-Prefix.pch";
				INFOPLIST_FILE = "HackerChatTests/HackerChatTests-Info.plist";
				PRODUCT_NAME = "$(TARGET_NAME)";
				TEST_HOST = "$(BUNDLE_LOADER)";
				WRAPPER_EXTENSION = xctest;
			};
			name = Release;
		};
/* End XCBuildConfiguration section */

/* Begin XCConfigurationList section */
		2BD2A5AF1A0482900019E4B4 /* Build configuration list for PBXProject "HackerChat" */ = {
			isa = XCConfigurationList;
			buildConfigurations = (
				2BD2A5DE1A0482910019E4B4 /* Debug */,
				2BD2A5DF1A0482910019E4B4 /* Release */,
			);
			defaultConfigurationIsVisible = 0;
			defaultConfigurationName = Release;
		};
		2BD2A5E01A0482910019E4B4 /* Build configuration list for PBXNativeTarget "HackerChat" */ = {
			isa = XCConfigurationList;
			buildConfigurations = (
				2BD2A5E11A0482910019E4B4 /* Debug */,
				2BD2A5E21A0482910019E4B4 /* Release */,
			);
			defaultConfigurationIsVisible = 0;
		};
		2BD2A5E31A0482910019E4B4 /* Build configuration list for PBXNativeTarget "HackerChatTests" */ = {
			isa = XCConfigurationList;
			buildConfigurations = (
				2BD2A5E41A0482910019E4B4 /* Debug */,
				2BD2A5E51A0482910019E4B4 /* Release */,
			);
			defaultConfigurationIsVisible = 0;
		};
/* End XCConfigurationList section */
	};
	rootObject = 2BD2A5AC1A0482900019E4B4 /* Project object */;
}
